
Microsoft Visual Studio Solution File, Format Version 12.00
# Visual Studio Version 16
VisualStudioVersion = 16.0.31829.152
MinimumVisualStudioVersion = 10.0.40219.1
Project("{FAE04EC0-301F-11D3-BF4B-00C04F79EFBC}") = "DDTBaiThucHanh486", "DDTBaiThucHanh486\DDTBaiThucHanh486.csproj", "{E0796282-0B6C-46D8-844F-84A995DE4F19}"
EndProject
Global
	GlobalSection(SolutionConfigurationPlatforms) = preSolution
		Debug|Any CPU = Debug|Any CPU
		Release|Any CPU = Release|Any CPU
	EndGlobalSection
	GlobalSection(ProjectConfigurationPlatforms) = postSolution
		{E0796282-0B6C-46D8-844F-84A995DE4F19}.Debug|Any CPU.ActiveCfg = Debug|Any CPU
		{E0796282-0B6C-46D8-844F-84A995DE4F19}.Debug|Any CPU.Build.0 = Debug|Any CPU
		{E0796282-0B6C-46D8-844F-84A995DE4F19}.Release|Any CPU.ActiveCfg = Release|Any CPU
		{E0796282-0B6C-46D8-844F-84A995DE4F19}.Release|Any CPU.Build.0 = Release|Any CPU
	EndGlobalSection
	GlobalSection(SolutionProperties) = preSolution
		HideSolutionNode = FALSE
	EndGlobalSection
	GlobalSection(ExtensibilityGlobals) = postSolution
		SolutionGuid = {781F96E3-3D47-48AD-A719-B314973AFF3A}
	EndGlobalSection
EndGlobal
